
Microsoft Visual Studio Solution File, Format Version 12.00
# Visual Studio Version 17
VisualStudioVersion = 17.3.32901.215
MinimumVisualStudioVersion = 10.0.40219.1
Project("{FAE04EC0-301F-11D3-BF4B-00C04F79EFBC}") = "UoM Chemistry Stores", "UoM Chemistry Stores\UoM Chemistry Stores.csproj", "{A6BEAAED-FF1B-4CEB-AE32-68FC7EA604B5}"
EndProject
Global
	GlobalSection(SolutionConfigurationPlatforms) = preSolution
		Debug|Any CPU = Debug|Any CPU
		Release|Any CPU = Release|Any CPU
	EndGlobalSection
	GlobalSection(ProjectConfigurationPlatforms) = postSolution
		{A6BEAAED-FF1B-4CEB-AE32-68FC7EA604B5}.Debug|Any CPU.ActiveCfg = Debug|Any CPU
		{A6BEAAED-FF1B-4CEB-AE32-68FC7EA604B5}.Debug|Any CPU.Build.0 = Debug|Any CPU
		{A6BEAAED-FF1B-4CEB-AE32-68FC7EA604B5}.Release|Any CPU.ActiveCfg = Release|Any CPU
		{A6BEAAED-FF1B-4CEB-AE32-68FC7EA604B5}.Release|Any CPU.Build.0 = Release|Any CPU
	EndGlobalSection
	GlobalSection(SolutionProperties) = preSolution
		HideSolutionNode = FALSE
	EndGlobalSection
	GlobalSection(ExtensibilityGlobals) = postSolution
		SolutionGuid = {4781B83A-1532-4CBE-9FC5-772A8FAED164}
	EndGlobalSection
EndGlobal
